
Microsoft Visual Studio Solution File, Format Version 12.00
# Visual Studio Version 17
VisualStudioVersion = 17.6.33815.320
MinimumVisualStudioVersion = 10.0.40219.1
Project("{8BC9CEB8-8B4A-11D0-8D11-00A0C91BC942}") = "STL", "STL\STL.vcxproj", "{1941B79D-B3FB-4183-93EB-BCB10D862BEB}"
EndProject
Project("{8BC9CEB8-8B4A-11D0-8D11-00A0C91BC942}") = "Exceptions", "Exceptions\Exceptions.vcxproj", "{80240F7E-AB3E-4A7B-977D-71C2784F7C74}"
EndProject
Project("{8BC9CEB8-8B4A-11D0-8D11-00A0C91BC942}") = "AssociativeContainers", "AssociativeContainers\AssociativeContainers.vcxproj", "{FF30A478-3239-48F7-B1E4-13E1F5919190}"
EndProject
Project("{8BC9CEB8-8B4A-11D0-8D11-00A0C91BC942}") = "Police", "Police\Police.vcxproj", "{164A6B84-6D6F-4276-915A-8E8877F227E0}"
EndProject
Global
	GlobalSection(SolutionConfigurationPlatforms) = preSolution
		Debug|x64 = Debug|x64
		Debug|x86 = Debug|x86
		Release|x64 = Release|x64
		Release|x86 = Release|x86
	EndGlobalSection
	GlobalSection(ProjectConfigurationPlatforms) = postSolution
		{1941B79D-B3FB-4183-93EB-BCB10D862BEB}.Debug|x64.ActiveCfg = Debug|x64
		{1941B79D-B3FB-4183-93EB-BCB10D862BEB}.Debug|x64.Build.0 = Debug|x64
		{1941B79D-B3FB-4183-93EB-BCB10D862BEB}.Debug|x86.ActiveCfg = Debug|Win32
		{1941B79D-B3FB-4183-93EB-BCB10D862BEB}.Debug|x86.Build.0 = Debug|Win32
		{1941B79D-B3FB-4183-93EB-BCB10D862BEB}.Release|x64.ActiveCfg = Release|x64
		{1941B79D-B3FB-4183-93EB-BCB10D862BEB}.Release|x64.Build.0 = Release|x64
		{1941B79D-B3FB-4183-93EB-BCB10D862BEB}.Release|x86.ActiveCfg = Release|Win32
		{1941B79D-B3FB-4183-93EB-BCB10D862BEB}.Release|x86.Build.0 = Release|Win32
		{80240F7E-AB3E-4A7B-977D-71C2784F7C74}.Debug|x64.ActiveCfg = Debug|x64
		{80240F7E-AB3E-4A7B-977D-71C2784F7C74}.Debug|x64.Build.0 = Debug|x64
		{80240F7E-AB3E-4A7B-977D-71C2784F7C74}.Debug|x86.ActiveCfg = Debug|Win32
		{80240F7E-AB3E-4A7B-977D-71C2784F7C74}.Debug|x86.Build.0 = Debug|Win32
		{80240F7E-AB3E-4A7B-977D-71C2784F7C74}.Release|x64.ActiveCfg = Release|x64
		{80240F7E-AB3E-4A7B-977D-71C2784F7C74}.Release|x64.Build.0 = Release|x64
		{80240F7E-AB3E-4A7B-977D-71C2784F7C74}.Release|x86.ActiveCfg = Release|Win32
		{80240F7E-AB3E-4A7B-977D-71C2784F7C74}.Release|x86.Build.0 = Release|Win32
		{FF30A478-3239-48F7-B1E4-13E1F5919190}.Debug|x64.ActiveCfg = Debug|x64
		{FF30A478-3239-48F7-B1E4-13E1F5919190}.Debug|x64.Build.0 = Debug|x64
		{FF30A478-3239-48F7-B1E4-13E1F5919190}.Debug|x86.ActiveCfg = Debug|Win32
		{FF30A478-3239-48F7-B1E4-13E1F5919190}.Debug|x86.Build.0 = Debug|Win32
		{FF30A478-3239-48F7-B1E4-13E1F5919190}.Release|x64.ActiveCfg = Release|x64
		{FF30A478-3239-48F7-B1E4-13E1F5919190}.Release|x64.Build.0 = Release|x64
		{FF30A478-3239-48F7-B1E4-13E1F5919190}.Release|x86.ActiveCfg = Release|Win32
		{FF30A478-3239-48F7-B1E4-13E1F5919190}.Release|x86.Build.0 = Release|Win32
		{164A6B84-6D6F-4276-915A-8E8877F227E0}.Debug|x64.ActiveCfg = Debug|x64
		{164A6B84-6D6F-4276-915A-8E8877F227E0}.Debug|x64.Build.0 = Debug|x64
		{164A6B84-6D6F-4276-915A-8E8877F227E0}.Debug|x86.ActiveCfg = Debug|Win32
		{164A6B84-6D6F-4276-915A-8E8877F227E0}.Debug|x86.Build.0 = Debug|Win32
		{164A6B84-6D6F-4276-915A-8E8877F227E0}.Release|x64.ActiveCfg = Release|x64
		{164A6B84-6D6F-4276-915A-8E8877F227E0}.Release|x64.Build.0 = Release|x64
		{164A6B84-6D6F-4276-915A-8E8877F227E0}.Release|x86.ActiveCfg = Release|Win32
		{164A6B84-6D6F-4276-915A-8E8877F227E0}.Release|x86.Build.0 = Release|Win32
	EndGlobalSection
	GlobalSection(SolutionProperties) = preSolution
		HideSolutionNode = FALSE
	EndGlobalSection
	GlobalSection(ExtensibilityGlobals) = postSolution
		SolutionGuid = {4EAFA6ED-06D0-4010-8B5B-DF01D28B9F49}
	EndGlobalSection
EndGlobal
